
Microsoft Visual Studio Solution File, Format Version 12.00
# Visual Studio Version 16
VisualStudioVersion = 16.0.31702.278
MinimumVisualStudioVersion = 10.0.40219.1
Project("{FAE04EC0-301F-11D3-BF4B-00C04F79EFBC}") = "Assignment", "Assignment.csproj", "{1485AD59-FC5E-458A-ADAB-C75111AB344B}"
EndProject
Global
	GlobalSection(SolutionConfigurationPlatforms) = preSolution
		Debug|Any CPU = Debug|Any CPU
		Release|Any CPU = Release|Any CPU
	EndGlobalSection
	GlobalSection(ProjectConfigurationPlatforms) = postSolution
		{1485AD59-FC5E-458A-ADAB-C75111AB344B}.Debug|Any CPU.ActiveCfg = Debug|Any CPU
		{1485AD59-FC5E-458A-ADAB-C75111AB344B}.Debug|Any CPU.Build.0 = Debug|Any CPU
		{1485AD59-FC5E-458A-ADAB-C75111AB344B}.Release|Any CPU.ActiveCfg = Release|Any CPU
		{1485AD59-FC5E-458A-ADAB-C75111AB344B}.Release|Any CPU.Build.0 = Release|Any CPU
	EndGlobalSection
	GlobalSection(SolutionProperties) = preSolution
		HideSolutionNode = FALSE
	EndGlobalSection
	GlobalSection(ExtensibilityGlobals) = postSolution
		SolutionGuid = {459EC711-6019-4D91-87CD-2D7F82ABB882}
	EndGlobalSection
EndGlobal
